<?xml version="1.0" encoding="utf-8"?>
<Project ToolsVersion="16.0" xmlns="http://schemas.microsoft.com/developer/msbuild/2003">
  <ItemGroup>
    <CustomBuild Include="C:\Users\janderson\projects\RDMTest\CMakeFiles\9e723f88d08ed24cdbdbd675ca6b856f\INSTALL_force.rule">
      <Filter>CMake Rules</Filter>
    </CustomBuild>
  </ItemGroup>
  <ItemGroup>
    <Filter Include="CMake Rules">
      <UniqueIdentifier>{ED934FC9-7641-3C53-B0C5-44B43ACF92CE}</UniqueIdentifier>
    </Filter>
  </ItemGroup>
</Project>
